
Microsoft Visual Studio Solution File, Format Version 12.00
# Visual Studio Version 17
VisualStudioVersion = 17.3.32901.215
MinimumVisualStudioVersion = 10.0.40219.1
Project("{FAE04EC0-301F-11D3-BF4B-00C04F79EFBC}") = "ConsoleHelloGit", "ConsoleHelloGit.csproj", "{922D2791-8E9B-41CB-9096-970C57615BA8}"
EndProject
Global
	GlobalSection(SolutionConfigurationPlatforms) = preSolution
		Debug|Any CPU = Debug|Any CPU
		Release|Any CPU = Release|Any CPU
	EndGlobalSection
	GlobalSection(ProjectConfigurationPlatforms) = postSolution
		{922D2791-8E9B-41CB-9096-970C57615BA8}.Debug|Any CPU.ActiveCfg = Debug|Any CPU
		{922D2791-8E9B-41CB-9096-970C57615BA8}.Debug|Any CPU.Build.0 = Debug|Any CPU
		{922D2791-8E9B-41CB-9096-970C57615BA8}.Release|Any CPU.ActiveCfg = Release|Any CPU
		{922D2791-8E9B-41CB-9096-970C57615BA8}.Release|Any CPU.Build.0 = Release|Any CPU
	EndGlobalSection
	GlobalSection(SolutionProperties) = preSolution
		HideSolutionNode = FALSE
	EndGlobalSection
	GlobalSection(ExtensibilityGlobals) = postSolution
		SolutionGuid = {439A3B78-A22A-46DA-A3F1-23F44D0BF90B}
	EndGlobalSection
EndGlobal
